
Microsoft Visual Studio Solution File, Format Version 12.00
#
Project("{FAE04EC0-301F-11D3-BF4B-00C04F79EFBC}") = "GeeksCoreLibrary.Modules.Payments.RaboSmartPay", "GeeksCoreLibrary.Modules.Payments.RaboSmartPay\GeeksCoreLibrary.Modules.Payments.RaboSmartPay.csproj", "{84C66ADB-8CAF-4781-B0D1-9D4A28B499D8}"
EndProject
Project("{2150E333-8FDC-42A3-9474-1A3956D46DE8}") = "GitHub", "GitHub", "{BFF7BF41-BD70-40E5-9E24-AD76A67E22CB}"
	ProjectSection(SolutionItems) = preProject
		.github\CODEOWNERS = .github\CODEOWNERS
		.github\dependabot.yml = .github\dependabot.yml
		.github\pull_request_template.md = .github\pull_request_template.md
	EndProjectSection
EndProject
Project("{2150E333-8FDC-42A3-9474-1A3956D46DE8}") = "Workflows", "Workflows", "{C59F194D-650C-4F75-B604-6DA3BE5280DD}"
	ProjectSection(SolutionItems) = preProject
		.github\workflows\automatic-release.yml = .github\workflows\automatic-release.yml
		.github\workflows\build-and-test.yml = .github\workflows\build-and-test.yml
		.github\workflows\publish-to-nuget.yml = .github\workflows\publish-to-nuget.yml
	EndProjectSection
EndProject
Global
	GlobalSection(SolutionConfigurationPlatforms) = preSolution
		Debug|Any CPU = Debug|Any CPU
		Release|Any CPU = Release|Any CPU
	EndGlobalSection
	GlobalSection(ProjectConfigurationPlatforms) = postSolution
		{84C66ADB-8CAF-4781-B0D1-9D4A28B499D8}.Debug|Any CPU.ActiveCfg = Debug|Any CPU
		{84C66ADB-8CAF-4781-B0D1-9D4A28B499D8}.Debug|Any CPU.Build.0 = Debug|Any CPU
		{84C66ADB-8CAF-4781-B0D1-9D4A28B499D8}.Release|Any CPU.ActiveCfg = Release|Any CPU
		{84C66ADB-8CAF-4781-B0D1-9D4A28B499D8}.Release|Any CPU.Build.0 = Release|Any CPU
	EndGlobalSection
	GlobalSection(NestedProjects) = preSolution
		{C59F194D-650C-4F75-B604-6DA3BE5280DD} = {BFF7BF41-BD70-40E5-9E24-AD76A67E22CB}
	EndGlobalSection
EndGlobal
